
Microsoft Visual Studio Solution File, Format Version 12.00
# Visual Studio Version 17
VisualStudioVersion = 17.1.32407.343
MinimumVisualStudioVersion = 10.0.40219.1
Project("{9A19103F-16F7-4668-BE54-9A1E7A4F7556}") = "SoulsText", "SoulsText\SoulsText.csproj", "{FB82D6F5-765F-479C-9B3E-90B914F9C4BB}"
EndProject
Project("{9A19103F-16F7-4668-BE54-9A1E7A4F7556}") = "SoulsText.Tests", "SoulsText.Tests\SoulsText.Tests.csproj", "{C03CF80A-DE55-4979-B88E-B83CCEC58137}"
EndProject
Project("{FAE04EC0-301F-11D3-BF4B-00C04F79EFBC}") = "SoulsText.ConsoleApp", "SoulsText.ConsoleApp\SoulsText.ConsoleApp.csproj", "{F70FF103-3086-4D43-93E3-11D46ED397BB}"
EndProject
Global
	GlobalSection(SolutionConfigurationPlatforms) = preSolution
		Debug|Any CPU = Debug|Any CPU
		Release|Any CPU = Release|Any CPU
	EndGlobalSection
	GlobalSection(ProjectConfigurationPlatforms) = postSolution
		{FB82D6F5-765F-479C-9B3E-90B914F9C4BB}.Debug|Any CPU.ActiveCfg = Debug|Any CPU
		{FB82D6F5-765F-479C-9B3E-90B914F9C4BB}.Debug|Any CPU.Build.0 = Debug|Any CPU
		{FB82D6F5-765F-479C-9B3E-90B914F9C4BB}.Release|Any CPU.ActiveCfg = Release|Any CPU
		{FB82D6F5-765F-479C-9B3E-90B914F9C4BB}.Release|Any CPU.Build.0 = Release|Any CPU
		{C03CF80A-DE55-4979-B88E-B83CCEC58137}.Debug|Any CPU.ActiveCfg = Debug|Any CPU
		{C03CF80A-DE55-4979-B88E-B83CCEC58137}.Debug|Any CPU.Build.0 = Debug|Any CPU
		{C03CF80A-DE55-4979-B88E-B83CCEC58137}.Release|Any CPU.ActiveCfg = Release|Any CPU
		{C03CF80A-DE55-4979-B88E-B83CCEC58137}.Release|Any CPU.Build.0 = Release|Any CPU
		{F70FF103-3086-4D43-93E3-11D46ED397BB}.Debug|Any CPU.ActiveCfg = Debug|Any CPU
		{F70FF103-3086-4D43-93E3-11D46ED397BB}.Debug|Any CPU.Build.0 = Debug|Any CPU
		{F70FF103-3086-4D43-93E3-11D46ED397BB}.Release|Any CPU.ActiveCfg = Release|Any CPU
		{F70FF103-3086-4D43-93E3-11D46ED397BB}.Release|Any CPU.Build.0 = Release|Any CPU
	EndGlobalSection
	GlobalSection(SolutionProperties) = preSolution
		HideSolutionNode = FALSE
	EndGlobalSection
	GlobalSection(ExtensibilityGlobals) = postSolution
		SolutionGuid = {B87CACCE-6ABE-463E-9148-0BB93816D007}
	EndGlobalSection
EndGlobal
